// !$*UTF8*$!
{
	archiveVersion = 1;
	classes = {
	};
	objectVersion = 46;
	objects = {

/* Begin PBXBuildFile section */
		3774C8911D2092F20000B3F3 /* RCTAppleHealthKit.h in CopyFiles */ = {isa = PBXBuildFile; fileRef = 3774C8901D2092F20000B3F3 /* RCTAppleHealthKit.h */; };
		3774C8931D2092F20000B3F3 /* RCTAppleHealthKit.m in Sources */ = {isa = PBXBuildFile; fileRef = 3774C8921D2092F20000B3F3 /* RCTAppleHealthKit.m */; };
		3774C89B1D2095450000B3F3 /* RHKQueries.m in Sources */ = {isa = PBXBuildFile; fileRef = 3774C89A1D2095450000B3F3 /* RHKQueries.m */; };
		3774C89E1D2095850000B3F3 /* RHKPermissions.m in Sources */ = {isa = PBXBuildFile; fileRef = 3774C89D1D2095850000B3F3 /* RHKPermissions.m */; };
		3774C8A11D20A6B90000B3F3 /* RHKUtils.m in Sources */ = {isa = PBXBuildFile; fileRef = 3774C8A01D20A6B90000B3F3 /* RHKUtils.m */; };
		3774C8D41D20C6390000B3F3 /* RHKBodyMeasurements.m in Sources */ = {isa = PBXBuildFile; fileRef = 3774C8D31D20C6390000B3F3 /* RHKBodyMeasurements.m */; };
		3774C8D71D20C65F0000B3F3 /* RHKFitness.m in Sources */ = {isa = PBXBuildFile; fileRef = 3774C8D61D20C65F0000B3F3 /* RHKFitness.m */; };
		377D44F31D247D0A004E35CB /* RHKCharacteristics.m in Sources */ = {isa = PBXBuildFile; fileRef = 377D44F21D247D0A004E35CB /* RHKCharacteristics.m */; };
		37837E7D1DCFE270000201A0 /* RHKSleep.m in Sources */ = {isa = PBXBuildFile; fileRef = 37837E7C1DCFE270000201A0 /* RHKSleep.m */; };
		58C81E6F1F84F6970005DD48 /* RHKActivity.m in Sources */ = {isa = PBXBuildFile; fileRef = 58C81E6D1F84F6970005DD48 /* RHKActivity.m */; };
		61232F931E303758000A5026 /* RHKMindfulness.m in Sources */ = {isa = PBXBuildFile; fileRef = 61232F921E303758000A5026 /* RHKMindfulness.m */; };
		64C42D4A1D351A8800A0A8F7 /* RHKVitals.m in Sources */ = {isa = PBXBuildFile; fileRef = 64C42D491D351A8800A0A8F7 /* RHKVitals.m */; };
		64E0E73F1D37947B00EAB905 /* RHKResults.m in Sources */ = {isa = PBXBuildFile; fileRef = 64E0E73E1D37947B00EAB905 /* RHKResults.m */; };
		DB18C0E9207D3343003AF437 /* RHKNutrition.m in Sources */ = {isa = PBXBuildFile; fileRef = DB18C0E8207D3343003AF437 /* RHKNutrition.m */; };
/* End PBXBuildFile section */

/* Begin PBXCopyFilesBuildPhase section */
		3774C88B1D2092F20000B3F3 /* CopyFiles */ = {
			isa = PBXCopyFilesBuildPhase;
			buildActionMask = 2147483647;
			dstPath = "include/$(PRODUCT_NAME)";
			dstSubfolderSpec = 16;
			files = (
				3774C8911D2092F20000B3F3 /* RCTAppleHealthKit.h in CopyFiles */,
			);
			runOnlyForDeploymentPostprocessing = 0;
		};
/* End PBXCopyFilesBuildPhase section */

/* Begin PBXFileReference section */
		3774C88D1D2092F20000B3F3 /* libRCTAppleHealthKit.a */ = {isa = PBXFileReference; explicitFileType = archive.ar; includeInIndex = 0; path = libRCTAppleHealthKit.a; sourceTree = BUILT_PRODUCTS_DIR; };
		3774C8901D2092F20000B3F3 /* RCTAppleHealthKit.h */ = {isa = PBXFileReference; lastKnownFileType = sourcecode.c.h; path = RCTAppleHealthKit.h; sourceTree = "<group>"; };
		3774C8921D2092F20000B3F3 /* RCTAppleHealthKit.m */ = {isa = PBXFileReference; lastKnownFileType = sourcecode.c.objc; path = RCTAppleHealthKit.m; sourceTree = "<group>"; };
		3774C8991D2095450000B3F3 /* RHKQueries.h */ = {isa = PBXFileReference; fileEncoding = 4; lastKnownFileType = sourcecode.c.h; path = RHKQueries.h; sourceTree = "<group>"; };
		3774C89A1D2095450000B3F3 /* RHKQueries.m */ = {isa = PBXFileReference; fileEncoding = 4; lastKnownFileType = sourcecode.c.objc; path = RHKQueries.m; sourceTree = "<group>"; };
		3774C89C1D2095850000B3F3 /* RHKPermissions.h */ = {isa = PBXFileReference; fileEncoding = 4; lastKnownFileType = sourcecode.c.h; path = RHKPermissions.h; sourceTree = "<group>"; };
		3774C89D1D2095850000B3F3 /* RHKPermissions.m */ = {isa = PBXFileReference; fileEncoding = 4; lastKnownFileType = sourcecode.c.objc; path = RHKPermissions.m; sourceTree = "<group>"; };
		3774C89F1D20A6B90000B3F3 /* RHKUtils.h */ = {isa = PBXFileReference; fileEncoding = 4; lastKnownFileType = sourcecode.c.h; path = RHKUtils.h; sourceTree = "<group>"; };
		3774C8A01D20A6B90000B3F3 /* RHKUtils.m */ = {isa = PBXFileReference; fileEncoding = 4; lastKnownFileType = sourcecode.c.objc; path = RHKUtils.m; sourceTree = "<group>"; };
		3774C8D21D20C6390000B3F3 /* RHKBodyMeasurements.h */ = {isa = PBXFileReference; fileEncoding = 4; lastKnownFileType = sourcecode.c.h; path = RHKBodyMeasurements.h; sourceTree = "<group>"; };
		3774C8D31D20C6390000B3F3 /* RHKBodyMeasurements.m */ = {isa = PBXFileReference; fileEncoding = 4; lastKnownFileType = sourcecode.c.objc; path = RHKBodyMeasurements.m; sourceTree = "<group>"; };
		3774C8D51D20C65F0000B3F3 /* RHKFitness.h */ = {isa = PBXFileReference; fileEncoding = 4; lastKnownFileType = sourcecode.c.h; path = RHKFitness.h; sourceTree = "<group>"; };
		3774C8D61D20C65F0000B3F3 /* RHKFitness.m */ = {isa = PBXFileReference; fileEncoding = 4; lastKnownFileType = sourcecode.c.objc; path = RHKFitness.m; sourceTree = "<group>"; };
		377D44F11D247D0A004E35CB /* RHKCharacteristics.h */ = {isa = PBXFileReference; fileEncoding = 4; lastKnownFileType = sourcecode.c.h; path = RHKCharacteristics.h; sourceTree = "<group>"; };
		377D44F21D247D0A004E35CB /* RHKCharacteristics.m */ = {isa = PBXFileReference; fileEncoding = 4; lastKnownFileType = sourcecode.c.objc; path = RHKCharacteristics.m; sourceTree = "<group>"; };
		37837E7B1DCFE270000201A0 /* RHKSleep.h */ = {isa = PBXFileReference; fileEncoding = 4; lastKnownFileType = sourcecode.c.h; path = RHKSleep.h; sourceTree = "<group>"; };
		37837E7C1DCFE270000201A0 /* RHKSleep.m */ = {isa = PBXFileReference; fileEncoding = 4; lastKnownFileType = sourcecode.c.objc; path = RHKSleep.m; sourceTree = "<group>"; };
		58C81E6D1F84F6970005DD48 /* RHKActivity.m */ = {isa = PBXFileReference; lastKnownFileType = sourcecode.c.objc; path = RHKActivity.m; sourceTree = "<group>"; };
		58C81E6E1F84F6970005DD48 /* RHKActivity.h */ = {isa = PBXFileReference; lastKnownFileType = sourcecode.c.h; path = RHKActivity.h; sourceTree = "<group>"; };
		61232F911E303758000A5026 /* RHKMindfulness.h */ = {isa = PBXFileReference; fileEncoding = 4; lastKnownFileType = sourcecode.c.h; path = RHKMindfulness.h; sourceTree = "<group>"; };
		61232F921E303758000A5026 /* RHKMindfulness.m */ = {isa = PBXFileReference; fileEncoding = 4; lastKnownFileType = sourcecode.c.objc; path = RHKMindfulness.m; sourceTree = "<group>"; };
		64C42D481D351A8800A0A8F7 /* RHKVitals.h */ = {isa = PBXFileReference; fileEncoding = 4; lastKnownFileType = sourcecode.c.h; path = RHKVitals.h; sourceTree = "<group>"; };
		64C42D491D351A8800A0A8F7 /* RHKVitals.m */ = {isa = PBXFileReference; fileEncoding = 4; lastKnownFileType = sourcecode.c.objc; path = RHKVitals.m; sourceTree = "<group>"; };
		64E0E73D1D37947B00EAB905 /* RHKResults.h */ = {isa = PBXFileReference; fileEncoding = 4; lastKnownFileType = sourcecode.c.h; path = RHKResults.h; sourceTree = "<group>"; };
		64E0E73E1D37947B00EAB905 /* RHKResults.m */ = {isa = PBXFileReference; fileEncoding = 4; lastKnownFileType = sourcecode.c.objc; path = RHKResults.m; sourceTree = "<group>"; };
		DB18C0E7207D3343003AF437 /* RHKNutrition.h */ = {isa = PBXFileReference; fileEncoding = 4; lastKnownFileType = sourcecode.c.h; path = RHKNutrition.h; sourceTree = "<group>"; };
		DB18C0E8207D3343003AF437 /* RHKNutrition.m */ = {isa = PBXFileReference; fileEncoding = 4; lastKnownFileType = sourcecode.c.objc; path = RHKNutrition.m; sourceTree = "<group>"; };
/* End PBXFileReference section */

/* Begin PBXFrameworksBuildPhase section */
		3774C88A1D2092F20000B3F3 /* Frameworks */ = {
			isa = PBXFrameworksBuildPhase;
			buildActionMask = 2147483647;
			files = (
			);
			runOnlyForDeploymentPostprocessing = 0;
		};
/* End PBXFrameworksBuildPhase section */

/* Begin PBXGroup section */
		3774C8841D2092F20000B3F3 = {
			isa = PBXGroup;
			children = (
				3774C88F1D2092F20000B3F3 /* RCTAppleHealthKit */,
				3774C88E1D2092F20000B3F3 /* Products */,
			);
			sourceTree = "<group>";
		};
		3774C88E1D2092F20000B3F3 /* Products */ = {
			isa = PBXGroup;
			children = (
				3774C88D1D2092F20000B3F3 /* libRCTAppleHealthKit.a */,
			);
			name = Products;
			sourceTree = "<group>";
		};
		3774C88F1D2092F20000B3F3 /* RCTAppleHealthKit */ = {
			isa = PBXGroup;
			children = (
				DB18C005207D207A003AF437 /* Base */,
				DB18C004207D1FD4003AF437 /* RecordTypes */,
			);
			path = RCTAppleHealthKit;
			sourceTree = "<group>";
		};
		DB18C004207D1FD4003AF437 /* RecordTypes */ = {
			isa = PBXGroup;
			children = (
				58C81E6E1F84F6970005DD48 /* RHKActivity.h */,
				58C81E6D1F84F6970005DD48 /* RHKActivity.m */,
				3774C8D21D20C6390000B3F3 /* RHKBodyMeasurements.h */,
				3774C8D31D20C6390000B3F3 /* RHKBodyMeasurements.m */,
				377D44F11D247D0A004E35CB /* RHKCharacteristics.h */,
				377D44F21D247D0A004E35CB /* RHKCharacteristics.m */,
				3774C8D51D20C65F0000B3F3 /* RHKFitness.h */,
				3774C8D61D20C65F0000B3F3 /* RHKFitness.m */,
				61232F911E303758000A5026 /* RHKMindfulness.h */,
				61232F921E303758000A5026 /* RHKMindfulness.m */,
				DB18C0E7207D3343003AF437 /* RHKNutrition.h */,
				DB18C0E8207D3343003AF437 /* RHKNutrition.m */,
				64E0E73D1D37947B00EAB905 /* RHKResults.h */,
				64E0E73E1D37947B00EAB905 /* RHKResults.m */,
				37837E7B1DCFE270000201A0 /* RHKSleep.h */,
				37837E7C1DCFE270000201A0 /* RHKSleep.m */,
				64C42D481D351A8800A0A8F7 /* RHKVitals.h */,
				64C42D491D351A8800A0A8F7 /* RHKVitals.m */,
			);
			path = RecordTypes;
			sourceTree = "<group>";
		};
		DB18C005207D207A003AF437 /* Base */ = {
			isa = PBXGroup;
			children = (
				3774C8991D2095450000B3F3 /* RHKQueries.h */,
				3774C89A1D2095450000B3F3 /* RHKQueries.m */,
				3774C89C1D2095850000B3F3 /* RHKPermissions.h */,
				3774C89D1D2095850000B3F3 /* RHKPermissions.m */,
				3774C8901D2092F20000B3F3 /* RCTAppleHealthKit.h */,
				3774C8921D2092F20000B3F3 /* RCTAppleHealthKit.m */,
				3774C89F1D20A6B90000B3F3 /* RHKUtils.h */,
				3774C8A01D20A6B90000B3F3 /* RHKUtils.m */,
			);
			path = Base;
			sourceTree = "<group>";
		};
/* End PBXGroup section */

/* Begin PBXNativeTarget section */
		3774C88C1D2092F20000B3F3 /* RCTAppleHealthKit */ = {
			isa = PBXNativeTarget;
			buildConfigurationList = 3774C8961D2092F20000B3F3 /* Build configuration list for PBXNativeTarget "RCTAppleHealthKit" */;
			buildPhases = (
				3774C8891D2092F20000B3F3 /* Sources */,
				3774C88A1D2092F20000B3F3 /* Frameworks */,
				3774C88B1D2092F20000B3F3 /* CopyFiles */,
			);
			buildRules = (
			);
			dependencies = (
			);
			name = RCTAppleHealthKit;
			productName = RCTAppleHealthKit;
			productReference = 3774C88D1D2092F20000B3F3 /* libRCTAppleHealthKit.a */;
			productType = "com.apple.product-type.library.static";
		};
/* End PBXNativeTarget section */

/* Begin PBXProject section */
		3774C8851D2092F20000B3F3 /* Project object */ = {
			isa = PBXProject;
			attributes = {
				LastUpgradeCheck = 0730;
				ORGANIZATIONNAME = "Greg Wilson";
				TargetAttributes = {
					3774C88C1D2092F20000B3F3 = {
						CreatedOnToolsVersion = 7.3.1;
					};
				};
			};
			buildConfigurationList = 3774C8881D2092F20000B3F3 /* Build configuration list for PBXProject "RCTAppleHealthKit" */;
			compatibilityVersion = "Xcode 3.2";
			developmentRegion = English;
			hasScannedForEncodings = 0;
			knownRegions = (
				en,
			);
			mainGroup = 3774C8841D2092F20000B3F3;
			productRefGroup = 3774C88E1D2092F20000B3F3 /* Products */;
			projectDirPath = "";
			projectRoot = "";
			targets = (
				3774C88C1D2092F20000B3F3 /* RCTAppleHealthKit */,
			);
		};
/* End PBXProject section */

/* Begin PBXSourcesBuildPhase section */
		3774C8891D2092F20000B3F3 /* Sources */ = {
			isa = PBXSourcesBuildPhase;
			buildActionMask = 2147483647;
			files = (
				3774C89B1D2095450000B3F3 /* RHKQueries.m in Sources */,
				3774C8A11D20A6B90000B3F3 /* RHKUtils.m in Sources */,
				37837E7D1DCFE270000201A0 /* RHKSleep.m in Sources */,
				3774C8D41D20C6390000B3F3 /* RHKBodyMeasurements.m in Sources */,
				61232F931E303758000A5026 /* RHKMindfulness.m in Sources */,
				64E0E73F1D37947B00EAB905 /* RHKResults.m in Sources */,
				64C42D4A1D351A8800A0A8F7 /* RHKVitals.m in Sources */,
				DB18C0E9207D3343003AF437 /* RHKNutrition.m in Sources */,
				3774C8931D2092F20000B3F3 /* RCTAppleHealthKit.m in Sources */,
				377D44F31D247D0A004E35CB /* RHKCharacteristics.m in Sources */,
				3774C89E1D2095850000B3F3 /* RHKPermissions.m in Sources */,
				3774C8D71D20C65F0000B3F3 /* RHKFitness.m in Sources */,
				58C81E6F1F84F6970005DD48 /* RHKActivity.m in Sources */,
			);
			runOnlyForDeploymentPostprocessing = 0;
		};
/* End PBXSourcesBuildPhase section */

/* Begin XCBuildConfiguration section */
		3774C8941D2092F20000B3F3 /* Debug */ = {
			isa = XCBuildConfiguration;
			buildSettings = {
				ALWAYS_SEARCH_USER_PATHS = NO;
				CLANG_ANALYZER_NONNULL = YES;
				CLANG_CXX_LANGUAGE_STANDARD = "gnu++0x";
				CLANG_CXX_LIBRARY = "libc++";
				CLANG_ENABLE_MODULES = YES;
				CLANG_ENABLE_OBJC_ARC = YES;
				CLANG_WARN_BOOL_CONVERSION = YES;
				CLANG_WARN_CONSTANT_CONVERSION = YES;
				CLANG_WARN_DIRECT_OBJC_ISA_USAGE = YES_ERROR;
				CLANG_WARN_EMPTY_BODY = YES;
				CLANG_WARN_ENUM_CONVERSION = YES;
				CLANG_WARN_INT_CONVERSION = YES;
				CLANG_WARN_OBJC_ROOT_CLASS = YES_ERROR;
				CLANG_WARN_UNREACHABLE_CODE = YES;
				CLANG_WARN__DUPLICATE_METHOD_MATCH = YES;
				"CODE_SIGN_IDENTITY[sdk=iphoneos*]" = "iPhone Developer";
				COPY_PHASE_STRIP = NO;
				DEBUG_INFORMATION_FORMAT = dwarf;
				ENABLE_STRICT_OBJC_MSGSEND = YES;
				ENABLE_TESTABILITY = YES;
				GCC_C_LANGUAGE_STANDARD = gnu99;
				GCC_DYNAMIC_NO_PIC = NO;
				GCC_NO_COMMON_BLOCKS = YES;
				GCC_OPTIMIZATION_LEVEL = 0;
				GCC_PREPROCESSOR_DEFINITIONS = (
					"DEBUG=1",
					"$(inherited)",
				);
				GCC_WARN_64_TO_32_BIT_CONVERSION = YES;
				GCC_WARN_ABOUT_RETURN_TYPE = YES_ERROR;
				GCC_WARN_UNDECLARED_SELECTOR = YES;
				GCC_WARN_UNINITIALIZED_AUTOS = YES_AGGRESSIVE;
				GCC_WARN_UNUSED_FUNCTION = YES;
				GCC_WARN_UNUSED_VARIABLE = YES;
				IPHONEOS_DEPLOYMENT_TARGET = 9.3;
				MTL_ENABLE_DEBUG_INFO = YES;
				ONLY_ACTIVE_ARCH = YES;
				SDKROOT = iphoneos;
			};
			name = Debug;
		};
		3774C8951D2092F20000B3F3 /* Release */ = {
			isa = XCBuildConfiguration;
			buildSettings = {
				ALWAYS_SEARCH_USER_PATHS = NO;
				CLANG_ANALYZER_NONNULL = YES;
				CLANG_CXX_LANGUAGE_STANDARD = "gnu++0x";
				CLANG_CXX_LIBRARY = "libc++";
				CLANG_ENABLE_MODULES = YES;
				CLANG_ENABLE_OBJC_ARC = YES;
				CLANG_WARN_BOOL_CONVERSION = YES;
				CLANG_WARN_CONSTANT_CONVERSION = YES;
				CLANG_WARN_DIRECT_OBJC_ISA_USAGE = YES_ERROR;
				CLANG_WARN_EMPTY_BODY = YES;
				CLANG_WARN_ENUM_CONVERSION = YES;
				CLANG_WARN_INT_CONVERSION = YES;
				CLANG_WARN_OBJC_ROOT_CLASS = YES_ERROR;
				CLANG_WARN_UNREACHABLE_CODE = YES;
				CLANG_WARN__DUPLICATE_METHOD_MATCH = YES;
				"CODE_SIGN_IDENTITY[sdk=iphoneos*]" = "iPhone Developer";
				COPY_PHASE_STRIP = NO;
				DEBUG_INFORMATION_FORMAT = "dwarf-with-dsym";
				ENABLE_NS_ASSERTIONS = NO;
				ENABLE_STRICT_OBJC_MSGSEND = YES;
				GCC_C_LANGUAGE_STANDARD = gnu99;
				GCC_NO_COMMON_BLOCKS = YES;
				GCC_WARN_64_TO_32_BIT_CONVERSION = YES;
				GCC_WARN_ABOUT_RETURN_TYPE = YES_ERROR;
				GCC_WARN_UNDECLARED_SELECTOR = YES;
				GCC_WARN_UNINITIALIZED_AUTOS = YES_AGGRESSIVE;
				GCC_WARN_UNUSED_FUNCTION = YES;
				GCC_WARN_UNUSED_VARIABLE = YES;
				IPHONEOS_DEPLOYMENT_TARGET = 9.3;
				MTL_ENABLE_DEBUG_INFO = NO;
				SDKROOT = iphoneos;
				VALIDATE_PRODUCT = YES;
			};
			name = Release;
		};
		3774C8971D2092F20000B3F3 /* Debug */ = {
			isa = XCBuildConfiguration;
			buildSettings = {
				HEADER_SEARCH_PATHS = (
					"$(SRCROOT)/../../react-native/React/**",
					"$(SRCROOT)/../../../React/**",
				);
				OTHER_LDFLAGS = "-ObjC";
				PRODUCT_NAME = "$(TARGET_NAME)";
				SKIP_INSTALL = YES;
			};
			name = Debug;
		};
		3774C8981D2092F20000B3F3 /* Release */ = {
			isa = XCBuildConfiguration;
			buildSettings = {
				HEADER_SEARCH_PATHS = (
					"$(SRCROOT)/../../react-native/React/**",
					"$(SRCROOT)/../../../React/**",
				);
				OTHER_LDFLAGS = "-ObjC";
				PRODUCT_NAME = "$(TARGET_NAME)";
				SKIP_INSTALL = YES;
			};
			name = Release;
		};
/* End XCBuildConfiguration section */

/* Begin XCConfigurationList section */
		3774C8881D2092F20000B3F3 /* Build configuration list for PBXProject "RCTAppleHealthKit" */ = {
			isa = XCConfigurationList;
			buildConfigurations = (
				3774C8941D2092F20000B3F3 /* Debug */,
				3774C8951D2092F20000B3F3 /* Release */,
			);
			defaultConfigurationIsVisible = 0;
			defaultConfigurationName = Release;
		};
		3774C8961D2092F20000B3F3 /* Build configuration list for PBXNativeTarget "RCTAppleHealthKit" */ = {
			isa = XCConfigurationList;
			buildConfigurations = (
				3774C8971D2092F20000B3F3 /* Debug */,
				3774C8981D2092F20000B3F3 /* Release */,
			);
			defaultConfigurationIsVisible = 0;
			defaultConfigurationName = Release;
		};
/* End XCConfigurationList section */
	};
	rootObject = 3774C8851D2092F20000B3F3 /* Project object */;
}
